PODS:
  - AudioKit (4.9.4):
    - AudioKit/Core (= 4.9.4)
    - AudioKit/UI (= 4.9.4)
  - AudioKit/Core (4.9.4)
  - AudioKit/UI (4.9.4):
    - AudioKit/Core
  - MarqueeLabel (4.0.2)
  - NotificationBannerSwift (3.0.2):
    - MarqueeLabel (~> 4.0.0)
    - SnapKit (~> 5.0.0)
  - SnapKit (5.0.1)
  - SwiftNotificationCenter (1.0.4)
  - SwiftyUserDefaults (4.0.0)

DEPENDENCIES:
  - AudioKit
  - NotificationBannerSwift
  - SnapKit
  - SwiftNotificationCenter
  - SwiftyUserDefaults (~> 4.0)

SPEC REPOS:
  trunk:
    - AudioKit
    - MarqueeLabel
    - NotificationBannerSwift
    - SnapKit
    - SwiftNotificationCenter
    - SwiftyUserDefaults

SPEC CHECKSUMS:
  AudioKit: 2ad2c0c546f53134967e4a381dfd8691b7674093
  MarqueeLabel: f762aa681ae201f66c1d511858b171f75d83013a
  NotificationBannerSwift: 713e20f21b6105f4a36a00e5d9fa414a930d3d8e
  SnapKit: 97b92857e3df3a0c71833cce143274bf6ef8e5eb
  SwiftNotificationCenter: 760386da2ce03d3594cb5e96d1e22ec80b44b46f
  SwiftyUserDefaults: 6a1951df1daa19337862b677dd9a4b9bd4c288cd

PODFILE CHECKSUM: 5ddd8fb7d85b02d2807c34189db58bb5fe9ded86

COCOAPODS: 1.8.4
